// !$*UTF8*$!
{
	archiveVersion = 1;
	classes = {
	};
	objectVersion = 50;
	objects = {

/* Begin PBXBuildFile section */
		CEA9D2CF24B1E49000CC7023 /* AppDelegate.swift in Sources */ = {isa = PBXBuildFile; fileRef = CEA9D2CE24B1E49000CC7023 /* AppDelegate.swift */; };
		CEA9D2D124B1E49000CC7023 /* SceneDelegate.swift in Sources */ = {isa = PBXBuildFile; fileRef = CEA9D2D024B1E49000CC7023 /* SceneDelegate.swift */; };
		CEA9D2D324B1E49000CC7023 /* ViewController.swift in Sources */ = {isa = PBXBuildFile; fileRef = CEA9D2D224B1E49000CC7023 /* ViewController.swift */; };
		CEA9D2D624B1E49000CC7023 /* Main.storyboard in Resources */ = {isa = PBXBuildFile; fileRef = CEA9D2D424B1E49000CC7023 /* Main.storyboard */; };
		CEA9D2D824B1E49300CC7023 /* Assets.xcassets in Resources */ = {isa = PBXBuildFile; fileRef = CEA9D2D724B1E49300CC7023 /* Assets.xcassets */; };
		CEA9D2DB24B1E49300CC7023 /* LaunchScreen.storyboard in Resources */ = {isa = PBXBuildFile; fileRef = CEA9D2D924B1E49300CC7023 /* LaunchScreen.storyboard */; };
		CEA9D2E324B1E4CA00CC7023 /* AuthViewController.swift in Sources */ = {isa = PBXBuildFile; fileRef = CEA9D2E224B1E4CA00CC7023 /* AuthViewController.swift */; };
/* End PBXBuildFile section */

/* Begin PBXFileReference section */
		CEA9D2CB24B1E49000CC7023 /* diskPhoto.app */ = {isa = PBXFileReference; explicitFileType = wrapper.application; includeInIndex = 0; path = diskPhoto.app; sourceTree = BUILT_PRODUCTS_DIR; };
		CEA9D2CE24B1E49000CC7023 /* AppDelegate.swift */ = {isa = PBXFileReference; lastKnownFileType = sourcecode.swift; path = AppDelegate.swift; sourceTree = "<group>"; };
		CEA9D2D024B1E49000CC7023 /* SceneDelegate.swift */ = {isa = PBXFileReference; lastKnownFileType = sourcecode.swift; path = SceneDelegate.swift; sourceTree = "<group>"; };
		CEA9D2D224B1E49000CC7023 /* ViewController.swift */ = {isa = PBXFileReference; lastKnownFileType = sourcecode.swift; path = ViewController.swift; sourceTree = "<group>"; };
		CEA9D2D524B1E49000CC7023 /* Base */ = {isa = PBXFileReference; lastKnownFileType = file.storyboard; name = Base; path = Base.lproj/Main.storyboard; sourceTree = "<group>"; };
		CEA9D2D724B1E49300CC7023 /* Assets.xcassets */ = {isa = PBXFileReference; lastKnownFileType = folder.assetcatalog; path = Assets.xcassets; sourceTree = "<group>"; };
		CEA9D2DA24B1E49300CC7023 /* Base */ = {isa = PBXFileReference; lastKnownFileType = file.storyboard; name = Base; path = Base.lproj/LaunchScreen.storyboard; sourceTree = "<group>"; };
		CEA9D2DC24B1E49300CC7023 /* Info.plist */ = {isa = PBXFileReference; lastKnownFileType = text.plist.xml; path = Info.plist; sourceTree = "<group>"; };
		CEA9D2E224B1E4CA00CC7023 /* AuthViewController.swift */ = {isa = PBXFileReference; lastKnownFileType = sourcecode.swift; path = AuthViewController.swift; sourceTree = "<group>"; };
/* End PBXFileReference section */

/* Begin PBXFrameworksBuildPhase section */
		CEA9D2C824B1E49000CC7023 /* Frameworks */ = {
			isa = PBXFrameworksBuildPhase;
			buildActionMask = 2147483647;
			files = (
			);
			runOnlyForDeploymentPostprocessing = 0;
		};
/* End PBXFrameworksBuildPhase section */

/* Begin PBXGroup section */
		CEA9D2C224B1E49000CC7023 = {
			isa = PBXGroup;
			children = (
				CEA9D2CD24B1E49000CC7023 /* diskPhoto */,
				CEA9D2CC24B1E49000CC7023 /* Products */,
			);
			sourceTree = "<group>";
		};
		CEA9D2CC24B1E49000CC7023 /* Products */ = {
			isa = PBXGroup;
			children = (
				CEA9D2CB24B1E49000CC7023 /* diskPhoto.app */,
			);
			name = Products;
			sourceTree = "<group>";
		};
		CEA9D2CD24B1E49000CC7023 /* diskPhoto */ = {
			isa = PBXGroup;
			children = (
				CEA9D2CE24B1E49000CC7023 /* AppDelegate.swift */,
				CEA9D2D024B1E49000CC7023 /* SceneDelegate.swift */,
				CEA9D2D224B1E49000CC7023 /* ViewController.swift */,
				CEA9D2E224B1E4CA00CC7023 /* AuthViewController.swift */,
				CEA9D2D424B1E49000CC7023 /* Main.storyboard */,
				CEA9D2D724B1E49300CC7023 /* Assets.xcassets */,
				CEA9D2D924B1E49300CC7023 /* LaunchScreen.storyboard */,
				CEA9D2DC24B1E49300CC7023 /* Info.plist */,
			);
			path = diskPhoto;
			sourceTree = "<group>";
		};
/* End PBXGroup section */

/* Begin PBXNativeTarget section */
		CEA9D2CA24B1E49000CC7023 /* diskPhoto */ = {
			isa = PBXNativeTarget;
			buildConfigurationList = CEA9D2DF24B1E49300CC7023 /* Build configuration list for PBXNativeTarget "diskPhoto" */;
			buildPhases = (
				CEA9D2C724B1E49000CC7023 /* Sources */,
				CEA9D2C824B1E49000CC7023 /* Frameworks */,
				CEA9D2C924B1E49000CC7023 /* Resources */,
			);
			buildRules = (
			);
			dependencies = (
			);
			name = diskPhoto;
			productName = diskPhoto;
			productReference = CEA9D2CB24B1E49000CC7023 /* diskPhoto.app */;
			productType = "com.apple.product-type.application";
		};
/* End PBXNativeTarget section */

/* Begin PBXProject section */
		CEA9D2C324B1E49000CC7023 /* Project object */ = {
			isa = PBXProject;
			attributes = {
				LastSwiftUpdateCheck = 1150;
				LastUpgradeCheck = 1150;
				ORGANIZATIONNAME = user;
				TargetAttributes = {
					CEA9D2CA24B1E49000CC7023 = {
						CreatedOnToolsVersion = 11.5;
					};
				};
			};
			buildConfigurationList = CEA9D2C624B1E49000CC7023 /* Build configuration list for PBXProject "diskPhoto" */;
			compatibilityVersion = "Xcode 9.3";
			developmentRegion = en;
			hasScannedForEncodings = 0;
			knownRegions = (
				en,
				Base,
			);
			mainGroup = CEA9D2C224B1E49000CC7023;
			productRefGroup = CEA9D2CC24B1E49000CC7023 /* Products */;
			projectDirPath = "";
			projectRoot = "";
			targets = (
				CEA9D2CA24B1E49000CC7023 /* diskPhoto */,
			);
		};
/* End PBXProject section */

/* Begin PBXResourcesBuildPhase section */
		CEA9D2C924B1E49000CC7023 /* Resources */ = {
			isa = PBXResourcesBuildPhase;
			buildActionMask = 2147483647;
			files = (
				CEA9D2DB24B1E49300CC7023 /* LaunchScreen.storyboard in Resources */,
				CEA9D2D824B1E49300CC7023 /* Assets.xcassets in Resources */,
				CEA9D2D624B1E49000CC7023 /* Main.storyboard in Resources */,
			);
			runOnlyForDeploymentPostprocessing = 0;
		};
/* End PBXResourcesBuildPhase section */

/* Begin PBXSourcesBuildPhase section */
		CEA9D2C724B1E49000CC7023 /* Sources */ = {
			isa = PBXSourcesBuildPhase;
			buildActionMask = 2147483647;
			files = (
				CEA9D2E324B1E4CA00CC7023 /* AuthViewController.swift in Sources */,
				CEA9D2D324B1E49000CC7023 /* ViewController.swift in Sources */,
				CEA9D2CF24B1E49000CC7023 /* AppDelegate.swift in Sources */,
				CEA9D2D124B1E49000CC7023 /* SceneDelegate.swift in Sources */,
			);
			runOnlyForDeploymentPostprocessing = 0;
		};
/* End PBXSourcesBuildPhase section */

/* Begin PBXVariantGroup section */
		CEA9D2D424B1E49000CC7023 /* Main.storyboard */ = {
			isa = PBXVariantGroup;
			children = (
				CEA9D2D524B1E49000CC7023 /* Base */,
			);
			name = Main.storyboard;
			sourceTree = "<group>";
		};
		CEA9D2D924B1E49300CC7023 /* LaunchScreen.storyboard */ = {
			isa = PBXVariantGroup;
			children = (
				CEA9D2DA24B1E49300CC7023 /* Base */,
			);
			name = LaunchScreen.storyboard;
			sourceTree = "<group>";
		};
/* End PBXVariantGroup section */

/* Begin XCBuildConfiguration section */
		CEA9D2DD24B1E49300CC7023 /* Debug */ = {
			isa = XCBuildConfiguration;
			buildSettings = {
				ALWAYS_SEARCH_USER_PATHS = NO;
				CLANG_ANALYZER_NONNULL = YES;
				CLANG_ANALYZER_NUMBER_OBJECT_CONVERSION = YES_AGGRESSIVE;
				CLANG_CXX_LANGUAGE_STANDARD = "gnu++14";
				CLANG_CXX_LIBRARY = "libc++";
				CLANG_ENABLE_MODULES = YES;
				CLANG_ENABLE_OBJC_ARC = YES;
				CLANG_ENABLE_OBJC_WEAK = YES;
				CLANG_WARN_BLOCK_CAPTURE_AUTORELEASING = YES;
				CLANG_WARN_BOOL_CONVERSION = YES;
				CLANG_WARN_COMMA = YES;
				CLANG_WARN_CONSTANT_CONVERSION = YES;
				CLANG_WARN_DEPRECATED_OBJC_IMPLEMENTATIONS = YES;
				CLANG_WARN_DIRECT_OBJC_ISA_USAGE = YES_ERROR;
				CLANG_WARN_DOCUMENTATION_COMMENTS = YES;
				CLANG_WARN_EMPTY_BODY = YES;
				CLANG_WARN_ENUM_CONVERSION = YES;
				CLANG_WARN_INFINITE_RECURSION = YES;
				CLANG_WARN_INT_CONVERSION = YES;
				CLANG_WARN_NON_LITERAL_NULL_CONVERSION = YES;
				CLANG_WARN_OBJC_IMPLICIT_RETAIN_SELF = YES;
				CLANG_WARN_OBJC_LITERAL_CONVERSION = YES;
				CLANG_WARN_OBJC_ROOT_CLASS = YES_ERROR;
				CLANG_WARN_RANGE_LOOP_ANALYSIS = YES;
				CLANG_WARN_STRICT_PROTOTYPES = YES;
				CLANG_WARN_SUSPICIOUS_MOVE = YES;
				CLANG_WARN_UNGUARDED_AVAILABILITY = YES_AGGRESSIVE;
				CLANG_WARN_UNREACHABLE_CODE = YES;
				CLANG_WARN__DUPLICATE_METHOD_MATCH = YES;
				COPY_PHASE_STRIP = NO;
				DEBUG_INFORMATION_FORMAT = dwarf;
				ENABLE_STRICT_OBJC_MSGSEND = YES;
				ENABLE_TESTABILITY = YES;
				GCC_C_LANGUAGE_STANDARD = gnu11;
				GCC_DYNAMIC_NO_PIC = NO;
				GCC_NO_COMMON_BLOCKS = YES;
				GCC_OPTIMIZATION_LEVEL = 0;
				GCC_PREPROCESSOR_DEFINITIONS = (
					"DEBUG=1",
					"$(inherited)",
				);
				GCC_WARN_64_TO_32_BIT_CONVERSION = YES;
				GCC_WARN_ABOUT_RETURN_TYPE = YES_ERROR;
				GCC_WARN_UNDECLARED_SELECTOR = YES;
				GCC_WARN_UNINITIALIZED_AUTOS = YES_AGGRESSIVE;
				GCC_WARN_UNUSED_FUNCTION = YES;
				GCC_WARN_UNUSED_VARIABLE = YES;
				IPHONEOS_DEPLOYMENT_TARGET = 13.5;
				MTL_ENABLE_DEBUG_INFO = INCLUDE_SOURCE;
				MTL_FAST_MATH = YES;
				ONLY_ACTIVE_ARCH = YES;
				SDKROOT = iphoneos;
				SWIFT_ACTIVE_COMPILATION_CONDITIONS = DEBUG;
				SWIFT_OPTIMIZATION_LEVEL = "-Onone";
			};
			name = Debug;
		};
		CEA9D2DE24B1E49300CC7023 /* Release */ = {
			isa = XCBuildConfiguration;
			buildSettings = {
				ALWAYS_SEARCH_USER_PATHS = NO;
				CLANG_ANALYZER_NONNULL = YES;
				CLANG_ANALYZER_NUMBER_OBJECT_CONVERSION = YES_AGGRESSIVE;
				CLANG_CXX_LANGUAGE_STANDARD = "gnu++14";
				CLANG_CXX_LIBRARY = "libc++";
				CLANG_ENABLE_MODULES = YES;
				CLANG_ENABLE_OBJC_ARC = YES;
				CLANG_ENABLE_OBJC_WEAK = YES;
				CLANG_WARN_BLOCK_CAPTURE_AUTORELEASING = YES;
				CLANG_WARN_BOOL_CONVERSION = YES;
				CLANG_WARN_COMMA = YES;
				CLANG_WARN_CONSTANT_CONVERSION = YES;
				CLANG_WARN_DEPRECATED_OBJC_IMPLEMENTATIONS = YES;
				CLANG_WARN_DIRECT_OBJC_ISA_USAGE = YES_ERROR;
				CLANG_WARN_DOCUMENTATION_COMMENTS = YES;
				CLANG_WARN_EMPTY_BODY = YES;
				CLANG_WARN_ENUM_CONVERSION = YES;
				CLANG_WARN_INFINITE_RECURSION = YES;
				CLANG_WARN_INT_CONVERSION = YES;
				CLANG_WARN_NON_LITERAL_NULL_CONVERSION = YES;
				CLANG_WARN_OBJC_IMPLICIT_RETAIN_SELF = YES;
				CLANG_WARN_OBJC_LITERAL_CONVERSION = YES;
				CLANG_WARN_OBJC_ROOT_CLASS = YES_ERROR;
				CLANG_WARN_RANGE_LOOP_ANALYSIS = YES;
				CLANG_WARN_STRICT_PROTOTYPES = YES;
				CLANG_WARN_SUSPICIOUS_MOVE = YES;
				CLANG_WARN_UNGUARDED_AVAILABILITY = YES_AGGRESSIVE;
				CLANG_WARN_UNREACHABLE_CODE = YES;
				CLANG_WARN__DUPLICATE_METHOD_MATCH = YES;
				COPY_PHASE_STRIP = NO;
				DEBUG_INFORMATION_FORMAT = "dwarf-with-dsym";
				ENABLE_NS_ASSERTIONS = NO;
				ENABLE_STRICT_OBJC_MSGSEND = YES;
				GCC_C_LANGUAGE_STANDARD = gnu11;
				GCC_NO_COMMON_BLOCKS = YES;
				GCC_WARN_64_TO_32_BIT_CONVERSION = YES;
				GCC_WARN_ABOUT_RETURN_TYPE = YES_ERROR;
				GCC_WARN_UNDECLARED_SELECTOR = YES;
				GCC_WARN_UNINITIALIZED_AUTOS = YES_AGGRESSIVE;
				GCC_WARN_UNUSED_FUNCTION = YES;
				GCC_WARN_UNUSED_VARIABLE = YES;
				IPHONEOS_DEPLOYMENT_TARGET = 13.5;
				MTL_ENABLE_DEBUG_INFO = NO;
				MTL_FAST_MATH = YES;
				SDKROOT = iphoneos;
				SWIFT_COMPILATION_MODE = wholemodule;
				SWIFT_OPTIMIZATION_LEVEL = "-O";
				VALIDATE_PRODUCT = YES;
			};
			name = Release;
		};
		CEA9D2E024B1E49300CC7023 /* Debug */ = {
			isa = XCBuildConfiguration;
			buildSettings = {
				ASSETCATALOG_COMPILER_APPICON_NAME = AppIcon;
				CODE_SIGN_STYLE = Automatic;
				DEVELOPMENT_TEAM = 7Z2C4VQ9RF;
				INFOPLIST_FILE = diskPhoto/Info.plist;
				LD_RUNPATH_SEARCH_PATHS = (
					"$(inherited)",
					"@executable_path/Frameworks",
				);
				PRODUCT_BUNDLE_IDENTIFIER = user.diskPhoto;
				PRODUCT_NAME = "$(TARGET_NAME)";
				SWIFT_VERSION = 5.0;
				TARGETED_DEVICE_FAMILY = "1,2";
			};
			name = Debug;
		};
		CEA9D2E124B1E49300CC7023 /* Release */ = {
			isa = XCBuildConfiguration;
			buildSettings = {
				ASSETCATALOG_COMPILER_APPICON_NAME = AppIcon;
				CODE_SIGN_STYLE = Automatic;
				DEVELOPMENT_TEAM = 7Z2C4VQ9RF;
				INFOPLIST_FILE = diskPhoto/Info.plist;
				LD_RUNPATH_SEARCH_PATHS = (
					"$(inherited)",
					"@executable_path/Frameworks",
				);
				PRODUCT_BUNDLE_IDENTIFIER = user.diskPhoto;
				PRODUCT_NAME = "$(TARGET_NAME)";
				SWIFT_VERSION = 5.0;
				TARGETED_DEVICE_FAMILY = "1,2";
			};
			name = Release;
		};
/* End XCBuildConfiguration section */

/* Begin XCConfigurationList section */
		CEA9D2C624B1E49000CC7023 /* Build configuration list for PBXProject "diskPhoto" */ = {
			isa = XCConfigurationList;
			buildConfigurations = (
				CEA9D2DD24B1E49300CC7023 /* Debug */,
				CEA9D2DE24B1E49300CC7023 /* Release */,
			);
			defaultConfigurationIsVisible = 0;
			defaultConfigurationName = Release;
		};
		CEA9D2DF24B1E49300CC7023 /* Build configuration list for PBXNativeTarget "diskPhoto" */ = {
			isa = XCConfigurationList;
			buildConfigurations = (
				CEA9D2E024B1E49300CC7023 /* Debug */,
				CEA9D2E124B1E49300CC7023 /* Release */,
			);
			defaultConfigurationIsVisible = 0;
			defaultConfigurationName = Release;
		};
/* End XCConfigurationList section */
	};
	rootObject = CEA9D2C324B1E49000CC7023 /* Project object */;
}
